
Microsoft Visual Studio Solution File, Format Version 12.00
# Visual Studio Version 17
VisualStudioVersion = 17.2.32616.157
MinimumVisualStudioVersion = 10.0.40219.1
Project("{FAE04EC0-301F-11D3-BF4B-00C04F79EFBC}") = "Otus.HW_Classes", "Otus.HW_Classes\Otus.HW_Classes.csproj", "{3FB9EBB5-BB53-4468-941D-6421F0452466}"
EndProject
Global
	GlobalSection(SolutionConfigurationPlatforms) = preSolution
		Debug|Any CPU = Debug|Any CPU
		Release|Any CPU = Release|Any CPU
	EndGlobalSection
	GlobalSection(ProjectConfigurationPlatforms) = postSolution
		{3FB9EBB5-BB53-4468-941D-6421F0452466}.Debug|Any CPU.ActiveCfg = Debug|Any CPU
		{3FB9EBB5-BB53-4468-941D-6421F0452466}.Debug|Any CPU.Build.0 = Debug|Any CPU
		{3FB9EBB5-BB53-4468-941D-6421F0452466}.Release|Any CPU.ActiveCfg = Release|Any CPU
		{3FB9EBB5-BB53-4468-941D-6421F0452466}.Release|Any CPU.Build.0 = Release|Any CPU
	EndGlobalSection
	GlobalSection(SolutionProperties) = preSolution
		HideSolutionNode = FALSE
	EndGlobalSection
	GlobalSection(ExtensibilityGlobals) = postSolution
		SolutionGuid = {3F249980-9A4D-437B-99CE-255DCEAE0C35}
	EndGlobalSection
EndGlobal
